
Microsoft Visual Studio Solution File, Format Version 12.00
# Visual Studio Version 16
VisualStudioVersion = 16.0.810.14
MinimumVisualStudioVersion = 10.0.40219.1
Project("{FAE04EC0-301F-11D3-BF4B-00C04F79EFBC}") = "ImmutableStrings", "ImmutableStrings.csproj", "{F9BC0D28-2B3F-4F9C-AE5B-D0C6D5E122C7}"
EndProject
Global
	GlobalSection(SolutionConfigurationPlatforms) = preSolution
		Debug|Any CPU = Debug|Any CPU
		Release|Any CPU = Release|Any CPU
	EndGlobalSection
	GlobalSection(ProjectConfigurationPlatforms) = postSolution
		{F9BC0D28-2B3F-4F9C-AE5B-D0C6D5E122C7}.Debug|Any CPU.ActiveCfg = Debug|Any CPU
		{F9BC0D28-2B3F-4F9C-AE5B-D0C6D5E122C7}.Debug|Any CPU.Build.0 = Debug|Any CPU
		{F9BC0D28-2B3F-4F9C-AE5B-D0C6D5E122C7}.Release|Any CPU.ActiveCfg = Release|Any CPU
		{F9BC0D28-2B3F-4F9C-AE5B-D0C6D5E122C7}.Release|Any CPU.Build.0 = Release|Any CPU
	EndGlobalSection
	GlobalSection(SolutionProperties) = preSolution
		HideSolutionNode = FALSE
	EndGlobalSection
	GlobalSection(ExtensibilityGlobals) = postSolution
		SolutionGuid = {47024F1A-120F-4133-BDB7-D3772CEAE8B2}
	EndGlobalSection
EndGlobal
