
Microsoft Visual Studio Solution File, Format Version 12.00
# Visual Studio Version 16
VisualStudioVersion = 16.0.810.14
MinimumVisualStudioVersion = 10.0.40219.1
Project("{FAE04EC0-301F-11D3-BF4B-00C04F79EFBC}") = "HammerBitcoin", "HammerBitcoin.csproj", "{A968CD00-D106-40D1-863E-E65A16F89205}"
EndProject
Global
	GlobalSection(SolutionConfigurationPlatforms) = preSolution
		Debug|Any CPU = Debug|Any CPU
		Release|Any CPU = Release|Any CPU
	EndGlobalSection
	GlobalSection(ProjectConfigurationPlatforms) = postSolution
		{A968CD00-D106-40D1-863E-E65A16F89205}.Debug|Any CPU.ActiveCfg = Debug|Any CPU
		{A968CD00-D106-40D1-863E-E65A16F89205}.Debug|Any CPU.Build.0 = Debug|Any CPU
		{A968CD00-D106-40D1-863E-E65A16F89205}.Release|Any CPU.ActiveCfg = Release|Any CPU
		{A968CD00-D106-40D1-863E-E65A16F89205}.Release|Any CPU.Build.0 = Release|Any CPU
	EndGlobalSection
	GlobalSection(SolutionProperties) = preSolution
		HideSolutionNode = FALSE
	EndGlobalSection
	GlobalSection(ExtensibilityGlobals) = postSolution
		SolutionGuid = {1486C779-B9C6-4B96-93FE-3EE5C17DA467}
	EndGlobalSection
EndGlobal
